
Microsoft Visual Studio Solution File, Format Version 12.00
# Visual Studio Version 17
VisualStudioVersion = 17.1.32328.378
MinimumVisualStudioVersion = 10.0.40219.1
Project("{9A19103F-16F7-4668-BE54-9A1E7A4F7556}") = "ConverterXLSX2ODT", "ConverterXLSX2ODT\ConverterXLSX2ODT.csproj", "{AAEC878E-6FCD-4605-8445-0C741EA4B096}"
EndProject
Global
	GlobalSection(SolutionConfigurationPlatforms) = preSolution
		Debug|Any CPU = Debug|Any CPU
		Release|Any CPU = Release|Any CPU
	EndGlobalSection
	GlobalSection(ProjectConfigurationPlatforms) = postSolution
		{AAEC878E-6FCD-4605-8445-0C741EA4B096}.Debug|Any CPU.ActiveCfg = Debug|Any CPU
		{AAEC878E-6FCD-4605-8445-0C741EA4B096}.Debug|Any CPU.Build.0 = Debug|Any CPU
		{AAEC878E-6FCD-4605-8445-0C741EA4B096}.Release|Any CPU.ActiveCfg = Release|Any CPU
		{AAEC878E-6FCD-4605-8445-0C741EA4B096}.Release|Any CPU.Build.0 = Release|Any CPU
	EndGlobalSection
	GlobalSection(SolutionProperties) = preSolution
		HideSolutionNode = FALSE
	EndGlobalSection
	GlobalSection(ExtensibilityGlobals) = postSolution
		SolutionGuid = {DCBB6E7C-76D4-47A0-AFA9-466DF9ED31AB}
	EndGlobalSection
EndGlobal
